// !$*UTF8*$!
{
	archiveVersion = 1;
	classes = {
	};
	objectVersion = 63;
	objects = {

/* Begin PBXBuildFile section */
		10DFCDA0665C0F24B54BF578 /* ContentView.swift in Sources */ = {isa = PBXBuildFile; fileRef = 5581CCEC28FD7781C01D5B23 /* ContentView.swift */; };
		A1B2C3D4E5F6789012345678 /* FaceRecognitionScanner.swift in Sources */ = {isa = PBXBuildFile; fileRef = B2C3D4E5F678901234567890 /* FaceRecognitionScanner.swift */; };
		C1D2E3F4G5H6I7J8K9L0M1N2O3P4 /* LicenseScanner.swift in Sources */ = {isa = PBXBuildFile; fileRef = D2E3F4G5H6I7J8K9L0M1N2O3P4Q5 /* LicenseScanner.swift */; };
		C8A45FA6E6BBD79ADD001CE9 /* Assets.xcassets in Resources */ = {isa = PBXBuildFile; fileRef = 507448E7E43D49F1B74958C9 /* Assets.xcassets */; };
		E4FD41195F158039AE1896B6 /* VerifaceIDApp.swift in Sources */ = {isa = PBXBuildFile; fileRef = 181A5FDFD3D09679AD4905F1 /* VerifaceIDApp.swift */; };
/* End PBXBuildFile section */

/* Begin PBXFileReference section */
		181A5FDFD3D09679AD4905F1 /* VerifaceIDApp.swift */ = {isa = PBXFileReference; lastKnownFileType = sourcecode.swift; path = VerifaceIDApp.swift; sourceTree = "<group>"; };
		507448E7E43D49F1B74958C9 /* Assets.xcassets */ = {isa = PBXFileReference; lastKnownFileType = folder.assetcatalog; path = Assets.xcassets; sourceTree = "<group>"; };
		5581CCEC28FD7781C01D5B23 /* ContentView.swift */ = {isa = PBXFileReference; lastKnownFileType = sourcecode.swift; path = ContentView.swift; sourceTree = "<group>"; };
		B2C3D4E5F678901234567890 /* FaceRecognitionScanner.swift */ = {isa = PBXFileReference; lastKnownFileType = sourcecode.swift; path = FaceRecognitionScanner.swift; sourceTree = "<group>"; };
		D0B0005DA90BD2F6F88E78F3 /* veriface-id.app */ = {isa = PBXFileReference; explicitFileType = wrapper.application; includeInIndex = 0; path = "veriface-id.app"; sourceTree = BUILT_PRODUCTS_DIR; };
		D2E3F4G5H6I7J8K9L0M1N2O3P4Q5 /* LicenseScanner.swift */ = {isa = PBXFileReference; lastKnownFileType = sourcecode.swift; path = LicenseScanner.swift; sourceTree = "<group>"; };
		DED0D4E02D66C0A884C8E1AD /* Info.plist */ = {isa = PBXFileReference; lastKnownFileType = text.plist; path = Info.plist; sourceTree = "<group>"; };
/* End PBXFileReference section */

/* Begin PBXGroup section */
		9750CA43A324651EA8993D68 /* veriface-id */ = {
			isa = PBXGroup;
			children = (
				507448E7E43D49F1B74958C9 /* Assets.xcassets */,
				181A5FDFD3D09679AD4905F1 /* VerifaceIDApp.swift */,
				5581CCEC28FD7781C01D5B23 /* ContentView.swift */,
				B2C3D4E5F678901234567890 /* FaceRecognitionScanner.swift */,
				D2E3F4G5H6I7J8K9L0M1N2O3P4Q5 /* LicenseScanner.swift */,
				DED0D4E02D66C0A884C8E1AD /* Info.plist */,
			);
			path = "veriface-id";
			sourceTree = "<group>";
		};
		D0FEC64B493BEF1920A2CB7E = {
			isa = PBXGroup;
			children = (
				9750CA43A324651EA8993D68 /* veriface-id */,
				DCC707CDDA10AB9BFCF5BEBB /* Products */,
			);
			sourceTree = "<group>";
		};
		DCC707CDDA10AB9BFCF5BEBB /* Products */ = {
			isa = PBXGroup;
			children = (
				D0B0005DA90BD2F6F88E78F3 /* veriface-id.app */,
			);
			name = Products;
			sourceTree = "<group>";
		};
/* End PBXGroup section */

/* Begin PBXNativeTarget section */
		6827FCE9DE470F331EC85D4A /* veriface-id */ = {
			isa = PBXNativeTarget;
			buildConfigurationList = 48853026EE4B4DED04939A96 /* Build configuration list for PBXNativeTarget "veriface-id" */;
			buildPhases = (
				0950659301BE4630E04F04B5 /* Sources */,
				4350EF2529ECD71B842FA0AD /* Resources */,
			);
			buildRules = (
			);
			dependencies = (
			);
			name = "veriface-id";
			packageProductDependencies = (
			);
			productName = "veriface-id";
			productReference = D0B0005DA90BD2F6F88E78F3 /* veriface-id.app */;
			productType = "com.apple.product-type.application";
		};
/* End PBXNativeTarget section */

/* Begin PBXProject section */
		DEBB7564C46127B864AB43A4 /* Project object */ = {
			isa = PBXProject;
			attributes = {
				BuildIndependentTargetsInParallel = YES;
				LastUpgradeCheck = 1500;
			};
			buildConfigurationList = 5CA9900358407D33B8DB2EBC /* Build configuration list for PBXProject "veriface-id" */;
			compatibilityVersion = "Xcode 14.0";
			developmentRegion = en;
			hasScannedForEncodings = 0;
			knownRegions = (
				Base,
				en,
			);
			mainGroup = D0FEC64B493BEF1920A2CB7E;
			minimizedProjectReferenceProxies = 1;
			projectDirPath = "";
			projectRoot = "";
			targets = (
				6827FCE9DE470F331EC85D4A /* veriface-id */,
			);
		};
/* End PBXProject section */

/* Begin PBXResourcesBuildPhase section */
		4350EF2529ECD71B842FA0AD /* Resources */ = {
			isa = PBXResourcesBuildPhase;
			buildActionMask = 2147483647;
			files = (
				C8A45FA6E6BBD79ADD001CE9 /* Assets.xcassets in Resources */,
			);
			runOnlyForDeploymentPostprocessing = 0;
		};
/* End PBXResourcesBuildPhase section */

/* Begin PBXSourcesBuildPhase section */
		0950659301BE4630E04F04B5 /* Sources */ = {
			isa = PBXSourcesBuildPhase;
			buildActionMask = 2147483647;
			files = (
				A1B2C3D4E5F6789012345678 /* FaceRecognitionScanner.swift in Sources */,
				C1D2E3F4G5H6I7J8K9L0M1N2O3P4 /* LicenseScanner.swift in Sources */,
				E4FD41195F158039AE1896B6 /* VerifaceIDApp.swift in Sources */,
				10DFCDA0665C0F24B54BF578 /* ContentView.swift in Sources */,
			);
			runOnlyForDeploymentPostprocessing = 0;
		};
/* End PBXSourcesBuildPhase section */

/* Begin XCBuildConfiguration section */
		08513644A7842B83CA532ECF /* Release */ = {
			isa = XCBuildConfiguration;
			buildSettings = {
				ALWAYS_SEARCH_USER_PATHS = NO;
				CLANG_ANALYZER_NONNULL = YES;
				CLANG_ANALYZER_NUMBER_OBJECT_CONVERSION = YES_AGGRESSIVE;
				CLANG_CXX_LANGUAGE_STANDARD = "gnu++14";
				CLANG_CXX_LIBRARY = "libc++";
				CLANG_ENABLE_MODULES = YES;
				CLANG_ENABLE_OBJC_ARC = YES;
				CLANG_ENABLE_OBJC_WEAK = YES;
				CLANG_WARN_BLOCK_CAPTURE_AUTORELEASING = YES;
				CLANG_WARN_BOOL_CONVERSION = YES;
				CLANG_WARN_COMMA = YES;
				CLANG_WARN_CONSTANT_CONVERSION = YES;
				CLANG_WARN_DEPRECATED_OBJC_IMPLEMENTATIONS = YES;
				CLANG_WARN_DIRECT_OBJC_ISA_USAGE = YES_ERROR;
				CLANG_WARN_DOCUMENTATION_COMMENTS = YES;
				CLANG_WARN_EMPTY_BODY = YES;
				CLANG_WARN_ENUM_CONVERSION = YES;
				CLANG_WARN_INFINITE_RECURSION = YES;
				CLANG_WARN_INT_CONVERSION = YES;
				CLANG_WARN_NON_LITERAL_NULL_CONVERSION = YES;
				CLANG_WARN_OBJC_IMPLICIT_RETAIN_SELF = YES;
				CLANG_WARN_OBJC_LITERAL_CONVERSION = YES;
				CLANG_WARN_OBJC_ROOT_CLASS = YES_ERROR;
				CLANG_WARN_QUOTED_INCLUDE_IN_FRAMEWORK_HEADER = YES;
				CLANG_WARN_RANGE_LOOP_ANALYSIS = YES;
				CLANG_WARN_STRICT_PROTOTYPES = YES;
				CLANG_WARN_SUSPICIOUS_MOVE = YES;
				CLANG_WARN_UNGUARDED_AVAILABILITY = YES_AGGRESSIVE;
				CLANG_WARN_UNREACHABLE_CODE = YES;
				CLANG_WARN__DUPLICATE_METHOD_MATCH = YES;
				COPY_PHASE_STRIP = NO;
				DEBUG_INFORMATION_FORMAT = "dwarf-with-dsym";
				ENABLE_NS_ASSERTIONS = NO;
				ENABLE_STRICT_OBJC_MSGSEND = YES;
				GCC_C_LANGUAGE_STANDARD = gnu11;
				GCC_NO_COMMON_BLOCKS = YES;
				GCC_WARN_64_TO_32_BIT_CONVERSION = YES;
				GCC_WARN_ABOUT_RETURN_TYPE = YES_ERROR;
				GCC_WARN_UNDECLARED_SELECTOR = YES;
				GCC_WARN_UNINITIALIZED_AUTOS = YES_AGGRESSIVE;
				GCC_WARN_UNUSED_FUNCTION = YES;
				GCC_WARN_UNUSED_VARIABLE = YES;
				IPHONEOS_DEPLOYMENT_TARGET = 16.0;
				MTL_ENABLE_DEBUG_INFO = NO;
				MTL_FAST_MATH = YES;
				PRODUCT_NAME = "$(TARGET_NAME)";
				SDKROOT = iphoneos;
				SWIFT_COMPILATION_MODE = wholemodule;
				SWIFT_OPTIMIZATION_LEVEL = "-O";
				SWIFT_VERSION = 5.0;
			};
			name = Release;
		};
		4E7122600E8AB37264ABCE82 /* Release */ = {
			isa = XCBuildConfiguration;
			buildSettings = {
				ASSETCATALOG_COMPILER_APPICON_NAME = AppIcon;
				CODE_SIGN_IDENTITY = "iPhone Developer";
				DEVELOPMENT_TEAM = MHY4V9B2DU;
				INFOPLIST_FILE = "veriface-id/Info.plist";
				INFOPLIST_KEY_NSCameraUsageDescription = "This app needs camera access to capture high-quality photos of driver's license documents for validation.";
				INFOPLIST_KEY_NSPhotoLibraryUsageDescription = "This app needs access to your photo library to select existing driver's license images for validation.";
				INFOPLIST_KEY_UIApplicationSceneManifest_Generation = YES;
				INFOPLIST_KEY_UIApplicationSupportsIndirectInputEvents = YES;
				INFOPLIST_KEY_UILaunchScreen_Generation = YES;
				INFOPLIST_KEY_UISupportedInterfaceOrientations_iPad = "UIInterfaceOrientationPortrait UIInterfaceOrientationPortraitUpsideDown UIInterfaceOrientationLandscapeLeft UIInterfaceOrientationLandscapeRight";
				INFOPLIST_KEY_UISupportedInterfaceOrientations_iPhone = "UIInterfaceOrientationPortrait UIInterfaceOrientationLandscapeLeft UIInterfaceOrientationLandscapeRight";
				IPHONEOS_DEPLOYMENT_TARGET = 16.0;
				LD_RUNPATH_SEARCH_PATHS = (
					"$(inherited)",
					"@executable_path/Frameworks",
				);
				PRODUCT_BUNDLE_IDENTIFIER = com.verifaceid.app;
				PRODUCT_NAME = "veriface-id";
				SDKROOT = iphoneos;
				TARGETED_DEVICE_FAMILY = "1,2";
			};
			name = Release;
		};
		81F4E451CFE05DC52502F395 /* Debug */ = {
			isa = XCBuildConfiguration;
			buildSettings = {
				ALWAYS_SEARCH_USER_PATHS = NO;
				CLANG_ANALYZER_NONNULL = YES;
				CLANG_ANALYZER_NUMBER_OBJECT_CONVERSION = YES_AGGRESSIVE;
				CLANG_CXX_LANGUAGE_STANDARD = "gnu++14";
				CLANG_CXX_LIBRARY = "libc++";
				CLANG_ENABLE_MODULES = YES;
				CLANG_ENABLE_OBJC_ARC = YES;
				CLANG_ENABLE_OBJC_WEAK = YES;
				CLANG_WARN_BLOCK_CAPTURE_AUTORELEASING = YES;
				CLANG_WARN_BOOL_CONVERSION = YES;
				CLANG_WARN_COMMA = YES;
				CLANG_WARN_CONSTANT_CONVERSION = YES;
				CLANG_WARN_DEPRECATED_OBJC_IMPLEMENTATIONS = YES;
				CLANG_WARN_DIRECT_OBJC_ISA_USAGE = YES_ERROR;
				CLANG_WARN_DOCUMENTATION_COMMENTS = YES;
				CLANG_WARN_EMPTY_BODY = YES;
				CLANG_WARN_ENUM_CONVERSION = YES;
				CLANG_WARN_INFINITE_RECURSION = YES;
				CLANG_WARN_INT_CONVERSION = YES;
				CLANG_WARN_NON_LITERAL_NULL_CONVERSION = YES;
				CLANG_WARN_OBJC_IMPLICIT_RETAIN_SELF = YES;
				CLANG_WARN_OBJC_LITERAL_CONVERSION = YES;
				CLANG_WARN_OBJC_ROOT_CLASS = YES_ERROR;
				CLANG_WARN_QUOTED_INCLUDE_IN_FRAMEWORK_HEADER = YES;
				CLANG_WARN_RANGE_LOOP_ANALYSIS = YES;
				CLANG_WARN_STRICT_PROTOTYPES = YES;
				CLANG_WARN_SUSPICIOUS_MOVE = YES;
				CLANG_WARN_UNGUARDED_AVAILABILITY = YES_AGGRESSIVE;
				CLANG_WARN_UNREACHABLE_CODE = YES;
				CLANG_WARN__DUPLICATE_METHOD_MATCH = YES;
				COPY_PHASE_STRIP = NO;
				DEBUG_INFORMATION_FORMAT = dwarf;
				ENABLE_STRICT_OBJC_MSGSEND = YES;
				ENABLE_TESTABILITY = YES;
				GCC_C_LANGUAGE_STANDARD = gnu11;
				GCC_DYNAMIC_NO_PIC = NO;
				GCC_NO_COMMON_BLOCKS = YES;
				GCC_OPTIMIZATION_LEVEL = 0;
				GCC_PREPROCESSOR_DEFINITIONS = (
					"$(inherited)",
					"DEBUG=1",
				);
				GCC_WARN_64_TO_32_BIT_CONVERSION = YES;
				GCC_WARN_ABOUT_RETURN_TYPE = YES_ERROR;
				GCC_WARN_UNDECLARED_SELECTOR = YES;
				GCC_WARN_UNINITIALIZED_AUTOS = YES_AGGRESSIVE;
				GCC_WARN_UNUSED_FUNCTION = YES;
				GCC_WARN_UNUSED_VARIABLE = YES;
				IPHONEOS_DEPLOYMENT_TARGET = 16.0;
				MTL_ENABLE_DEBUG_INFO = INCLUDE_SOURCE;
				MTL_FAST_MATH = YES;
				ONLY_ACTIVE_ARCH = YES;
				PRODUCT_NAME = "$(TARGET_NAME)";
				SDKROOT = iphoneos;
				SWIFT_ACTIVE_COMPILATION_CONDITIONS = DEBUG;
				SWIFT_OPTIMIZATION_LEVEL = "-Onone";
				SWIFT_VERSION = 5.0;
			};
			name = Debug;
		};
		D723BC9761DBC2C1AFFEDF74 /* Debug */ = {
			isa = XCBuildConfiguration;
			buildSettings = {
				ASSETCATALOG_COMPILER_APPICON_NAME = AppIcon;
				CODE_SIGN_IDENTITY = "iPhone Developer";
				DEVELOPMENT_TEAM = MHY4V9B2DU;
				INFOPLIST_FILE = "veriface-id/Info.plist";
				INFOPLIST_KEY_NSCameraUsageDescription = "This app needs camera access to capture high-quality photos of driver's license documents for validation.";
				INFOPLIST_KEY_NSPhotoLibraryUsageDescription = "This app needs access to your photo library to select existing driver's license images for validation.";
				INFOPLIST_KEY_UIApplicationSceneManifest_Generation = YES;
				INFOPLIST_KEY_UIApplicationSupportsIndirectInputEvents = YES;
				INFOPLIST_KEY_UILaunchScreen_Generation = YES;
				INFOPLIST_KEY_UISupportedInterfaceOrientations_iPad = "UIInterfaceOrientationPortrait UIInterfaceOrientationPortraitUpsideDown UIInterfaceOrientationLandscapeLeft UIInterfaceOrientationLandscapeRight";
				INFOPLIST_KEY_UISupportedInterfaceOrientations_iPhone = "UIInterfaceOrientationPortrait UIInterfaceOrientationLandscapeLeft UIInterfaceOrientationLandscapeRight";
				IPHONEOS_DEPLOYMENT_TARGET = 16.0;
				LD_RUNPATH_SEARCH_PATHS = (
					"$(inherited)",
					"@executable_path/Frameworks",
				);
				PRODUCT_BUNDLE_IDENTIFIER = com.verifaceid.app;
				PRODUCT_NAME = "veriface-id";
				SDKROOT = iphoneos;
				TARGETED_DEVICE_FAMILY = "1,2";
			};
			name = Debug;
		};
/* End XCBuildConfiguration section */

/* Begin XCConfigurationList section */
		48853026EE4B4DED04939A96 /* Build configuration list for PBXNativeTarget "veriface-id" */ = {
			isa = XCConfigurationList;
			buildConfigurations = (
				D723BC9761DBC2C1AFFEDF74 /* Debug */,
				4E7122600E8AB37264ABCE82 /* Release */,
			);
			defaultConfigurationIsVisible = 0;
			defaultConfigurationName = Debug;
		};
		5CA9900358407D33B8DB2EBC /* Build configuration list for PBXProject "veriface-id" */ = {
			isa = XCConfigurationList;
			buildConfigurations = (
				81F4E451CFE05DC52502F395 /* Debug */,
				08513644A7842B83CA532ECF /* Release */,
			);
			defaultConfigurationIsVisible = 0;
			defaultConfigurationName = Debug;
		};
/* End XCConfigurationList section */
	};
	rootObject = DEBB7564C46127B864AB43A4 /* Project object */;
}
